// !$*UTF8*$!
{
	archiveVersion = 1;
	classes = {
	};
	objectVersion = 77;
	objects = {

/* Begin PBXBuildFile section */
		082596746F77B66284CC0342 /* PlaylistDetailView.swift in Sources */ = {isa = PBXBuildFile; fileRef = 3749A84767663BE66CC19FE1 /* PlaylistDetailView.swift */; };
		0F189141B4387ED956FEA49B /* MixSortOption.swift in Sources */ = {isa = PBXBuildFile; fileRef = 2F31636C2C095A73EB1B5E1E /* MixSortOption.swift */; };
		10293C406D101E5F5735303C /* RemoteImage.swift in Sources */ = {isa = PBXBuildFile; fileRef = DF660773C7BC7989E7E05D5B /* RemoteImage.swift */; };
		16656422E88606F5DC30D4FB /* TrackRowActions.swift in Sources */ = {isa = PBXBuildFile; fileRef = 7D5509253603EAEB0DA11CA3 /* TrackRowActions.swift */; };
		1857ADE5956C0D53D8AEFF50 /* PlayHistoryStore.swift in Sources */ = {isa = PBXBuildFile; fileRef = 65807ECA760D586605EBE794 /* PlayHistoryStore.swift */; };
		1AD640E01EC2F0AE388F625F /* ShortcutRow.swift in Sources */ = {isa = PBXBuildFile; fileRef = AA49ED311E399AE0D246BB99 /* ShortcutRow.swift */; };
		1B06EA5730E25007E8227A42 /* ErrorRow.swift in Sources */ = {isa = PBXBuildFile; fileRef = 7FDC0CAE84142D3EEAB5F41D /* ErrorRow.swift */; };
		24A480C67C04CBB9394B1FC6 /* OpenRadioAction.swift in Sources */ = {isa = PBXBuildFile; fileRef = CE18A2AA959CAC508C2EDAAE /* OpenRadioAction.swift */; };
		2AD3E7AF38454586E73D2CC4 /* TrackCard.swift in Sources */ = {isa = PBXBuildFile; fileRef = 1F6C4F55682CB1FBC029FEF1 /* TrackCard.swift */; };
		4D0137A3F9FE0048026FEF92 /* Theme.swift in Sources */ = {isa = PBXBuildFile; fileRef = B4EE183565BC8CDAC04DDA81 /* Theme.swift */; };
		4E2B13AF254A197CD9F17F98 /* QueueView.swift in Sources */ = {isa = PBXBuildFile; fileRef = 531CDB2CD96A3B2898813D74 /* QueueView.swift */; };
		50D63D77339D1E369D41A1A4 /* LibraryView.swift in Sources */ = {isa = PBXBuildFile; fileRef = 3724068A82FD576F953CA5B2 /* LibraryView.swift */; };
		5AECAB7DC0B793C3FAE846AF /* MiniPlayerBar.swift in Sources */ = {isa = PBXBuildFile; fileRef = A8435F1A3A9C3B73536259A1 /* MiniPlayerBar.swift */; };
		5CFDB35D296F50CEAD27AA8C /* JumpBackInCard.swift in Sources */ = {isa = PBXBuildFile; fileRef = A7C73BE8983E44C1581A2E34 /* JumpBackInCard.swift */; };
		62BAB33EABE72D940B4B2788 /* LikedSongsStore.swift in Sources */ = {isa = PBXBuildFile; fileRef = D9DF3D4F42D29E3AFB672771 /* LikedSongsStore.swift */; };
		6F1BFFB5E708C691E30F1F5C /* Assets.xcassets in Resources */ = {isa = PBXBuildFile; fileRef = 1AD0523F94E83FD9B4449B3A /* Assets.xcassets */; };
		71B8088F4904B442FCDB2172 /* RadioStation.swift in Sources */ = {isa = PBXBuildFile; fileRef = 406923FFB280590D32023F78 /* RadioStation.swift */; };
		730FA1B64CC74C2CD04F48A7 /* LibraryDestination.swift in Sources */ = {isa = PBXBuildFile; fileRef = 52994059AB22AB5A4FD1C32D /* LibraryDestination.swift */; };
		7649E5A7DC843C20E85C434E /* NowPlayingView.swift in Sources */ = {isa = PBXBuildFile; fileRef = 9E5DFE4DA1AF52C9AF6172F7 /* NowPlayingView.swift */; };
		77CCB7552D0C980FB0E84017 /* BackendSettingsView.swift in Sources */ = {isa = PBXBuildFile; fileRef = 0DC7C4CA7BC0B59E2B5EAD06 /* BackendSettingsView.swift */; };
		7DC0BC48FEE5673360991904 /* APIClient.swift in Sources */ = {isa = PBXBuildFile; fileRef = 1408988D40442F8C2D74EDB9 /* APIClient.swift */; };
		7E2F37BC5E54BFC545248DD9 /* RadioHistoryStore.swift in Sources */ = {isa = PBXBuildFile; fileRef = C57FFD369DF49FF64FEBBBBE /* RadioHistoryStore.swift */; };
		8160D31B80DC00A168DADCC5 /* RadioDetailView.swift in Sources */ = {isa = PBXBuildFile; fileRef = 44726B5C601B6B527D2AA4A7 /* RadioDetailView.swift */; };
		81BDFFE48C64064A494FBE52 /* LikedSongsView.swift in Sources */ = {isa = PBXBuildFile; fileRef = 464C7EDC38ABAC13D8AFCD53 /* LikedSongsView.swift */; };
		85A7BA4C32C23CB8423F2D11 /* HomeShelf.swift in Sources */ = {isa = PBXBuildFile; fileRef = AEE323A81C0D0F79A7A1CCB9 /* HomeShelf.swift */; };
		8EFAEF5EEE97CAC5D8830528 /* RootView.swift in Sources */ = {isa = PBXBuildFile; fileRef = 8CA6C800B30627AF0F63270F /* RootView.swift */; };
		93CF21330C3A909B3FD1819E /* SearchView.swift in Sources */ = {isa = PBXBuildFile; fileRef = 065D59E498934820BF0FB583 /* SearchView.swift */; };
		9CD584C637204CD56CBB61DA /* PlaylistStore.swift in Sources */ = {isa = PBXBuildFile; fileRef = 23D4D1FB74714A8C3E085B63 /* PlaylistStore.swift */; };
		B4E1B0DE2BA745CA668931CD /* VVDemusApp.swift in Sources */ = {isa = PBXBuildFile; fileRef = A50964CDD65DBD8591D6D540 /* VVDemusApp.swift */; };
		BE5CED11CC492E0D61C5E085 /* HomeView.swift in Sources */ = {isa = PBXBuildFile; fileRef = 10E8B217981BE6896AA6091E /* HomeView.swift */; };
		C2605EED52D38BEA1F7996A1 /* Track.swift in Sources */ = {isa = PBXBuildFile; fileRef = 1D2482DD8A638DA753721FED /* Track.swift */; };
		D206190078985BFE103A9AE4 /* MixDetailHeader.swift in Sources */ = {isa = PBXBuildFile; fileRef = E17E32E089B5719C65506BB2 /* MixDetailHeader.swift */; };
		E1DD2412792513A059F0D027 /* TrackRow.swift in Sources */ = {isa = PBXBuildFile; fileRef = 37C3AD15A14F7B2833A3EC05 /* TrackRow.swift */; };
		E4DDFBB8DACEAF0D0AF20591 /* ArtworkColorLoader.swift in Sources */ = {isa = PBXBuildFile; fileRef = 69462CBED0F68B02C8DF2CD5 /* ArtworkColorLoader.swift */; };
		ECADF6950ADDC8380A45DBEE /* Playlist.swift in Sources */ = {isa = PBXBuildFile; fileRef = 764FE1B65E9781A3D93FB7F7 /* Playlist.swift */; };
		F777C18D244C605A64878038 /* PlayerService.swift in Sources */ = {isa = PBXBuildFile; fileRef = 6AE6F7D3EB25DC28C5657F83 /* PlayerService.swift */; };
/* End PBXBuildFile section */

/* Begin PBXFileReference section */
		065D59E498934820BF0FB583 /* SearchView.swift */ = {isa = PBXFileReference; lastKnownFileType = sourcecode.swift; path = SearchView.swift; sourceTree = "<group>"; };
		0DC7C4CA7BC0B59E2B5EAD06 /* BackendSettingsView.swift */ = {isa = PBXFileReference; lastKnownFileType = sourcecode.swift; path = BackendSettingsView.swift; sourceTree = "<group>"; };
		10E8B217981BE6896AA6091E /* HomeView.swift */ = {isa = PBXFileReference; lastKnownFileType = sourcecode.swift; path = HomeView.swift; sourceTree = "<group>"; };
		1408988D40442F8C2D74EDB9 /* APIClient.swift */ = {isa = PBXFileReference; lastKnownFileType = sourcecode.swift; path = APIClient.swift; sourceTree = "<group>"; };
		1AD0523F94E83FD9B4449B3A /* Assets.xcassets */ = {isa = PBXFileReference; lastKnownFileType = folder.assetcatalog; path = Assets.xcassets; sourceTree = "<group>"; };
		1D2482DD8A638DA753721FED /* Track.swift */ = {isa = PBXFileReference; lastKnownFileType = sourcecode.swift; path = Track.swift; sourceTree = "<group>"; };
		1F6C4F55682CB1FBC029FEF1 /* TrackCard.swift */ = {isa = PBXFileReference; lastKnownFileType = sourcecode.swift; path = TrackCard.swift; sourceTree = "<group>"; };
		23D4D1FB74714A8C3E085B63 /* PlaylistStore.swift */ = {isa = PBXFileReference; lastKnownFileType = sourcecode.swift; path = PlaylistStore.swift; sourceTree = "<group>"; };
		2F31636C2C095A73EB1B5E1E /* MixSortOption.swift */ = {isa = PBXFileReference; lastKnownFileType = sourcecode.swift; path = MixSortOption.swift; sourceTree = "<group>"; };
		3724068A82FD576F953CA5B2 /* LibraryView.swift */ = {isa = PBXFileReference; lastKnownFileType = sourcecode.swift; path = LibraryView.swift; sourceTree = "<group>"; };
		3749A84767663BE66CC19FE1 /* PlaylistDetailView.swift */ = {isa = PBXFileReference; lastKnownFileType = sourcecode.swift; path = PlaylistDetailView.swift; sourceTree = "<group>"; };
		37C3AD15A14F7B2833A3EC05 /* TrackRow.swift */ = {isa = PBXFileReference; lastKnownFileType = sourcecode.swift; path = TrackRow.swift; sourceTree = "<group>"; };
		406923FFB280590D32023F78 /* RadioStation.swift */ = {isa = PBXFileReference; lastKnownFileType = sourcecode.swift; path = RadioStation.swift; sourceTree = "<group>"; };
		44726B5C601B6B527D2AA4A7 /* RadioDetailView.swift */ = {isa = PBXFileReference; lastKnownFileType = sourcecode.swift; path = RadioDetailView.swift; sourceTree = "<group>"; };
		464C7EDC38ABAC13D8AFCD53 /* LikedSongsView.swift */ = {isa = PBXFileReference; lastKnownFileType = sourcecode.swift; path = LikedSongsView.swift; sourceTree = "<group>"; };
		52994059AB22AB5A4FD1C32D /* LibraryDestination.swift */ = {isa = PBXFileReference; lastKnownFileType = sourcecode.swift; path = LibraryDestination.swift; sourceTree = "<group>"; };
		531CDB2CD96A3B2898813D74 /* QueueView.swift */ = {isa = PBXFileReference; lastKnownFileType = sourcecode.swift; path = QueueView.swift; sourceTree = "<group>"; };
		65807ECA760D586605EBE794 /* PlayHistoryStore.swift */ = {isa = PBXFileReference; lastKnownFileType = sourcecode.swift; path = PlayHistoryStore.swift; sourceTree = "<group>"; };
		69462CBED0F68B02C8DF2CD5 /* ArtworkColorLoader.swift */ = {isa = PBXFileReference; lastKnownFileType = sourcecode.swift; path = ArtworkColorLoader.swift; sourceTree = "<group>"; };
		6AE6F7D3EB25DC28C5657F83 /* PlayerService.swift */ = {isa = PBXFileReference; lastKnownFileType = sourcecode.swift; path = PlayerService.swift; sourceTree = "<group>"; };
		764FE1B65E9781A3D93FB7F7 /* Playlist.swift */ = {isa = PBXFileReference; lastKnownFileType = sourcecode.swift; path = Playlist.swift; sourceTree = "<group>"; };
		7D5509253603EAEB0DA11CA3 /* TrackRowActions.swift */ = {isa = PBXFileReference; lastKnownFileType = sourcecode.swift; path = TrackRowActions.swift; sourceTree = "<group>"; };
		7FDC0CAE84142D3EEAB5F41D /* ErrorRow.swift */ = {isa = PBXFileReference; lastKnownFileType = sourcecode.swift; path = ErrorRow.swift; sourceTree = "<group>"; };
		8CA6C800B30627AF0F63270F /* RootView.swift */ = {isa = PBXFileReference; lastKnownFileType = sourcecode.swift; path = RootView.swift; sourceTree = "<group>"; };
		94B2FABE57C274328FB4DB9C /* VVDemus.app */ = {isa = PBXFileReference; includeInIndex = 0; lastKnownFileType = wrapper.application; path = VVDemus.app; sourceTree = BUILT_PRODUCTS_DIR; };
		9E5DFE4DA1AF52C9AF6172F7 /* NowPlayingView.swift */ = {isa = PBXFileReference; lastKnownFileType = sourcecode.swift; path = NowPlayingView.swift; sourceTree = "<group>"; };
		A50964CDD65DBD8591D6D540 /* VVDemusApp.swift */ = {isa = PBXFileReference; lastKnownFileType = sourcecode.swift; path = VVDemusApp.swift; sourceTree = "<group>"; };
		A7C73BE8983E44C1581A2E34 /* JumpBackInCard.swift */ = {isa = PBXFileReference; lastKnownFileType = sourcecode.swift; path = JumpBackInCard.swift; sourceTree = "<group>"; };
		A8435F1A3A9C3B73536259A1 /* MiniPlayerBar.swift */ = {isa = PBXFileReference; lastKnownFileType = sourcecode.swift; path = MiniPlayerBar.swift; sourceTree = "<group>"; };
		AA49ED311E399AE0D246BB99 /* ShortcutRow.swift */ = {isa = PBXFileReference; lastKnownFileType = sourcecode.swift; path = ShortcutRow.swift; sourceTree = "<group>"; };
		AEE323A81C0D0F79A7A1CCB9 /* HomeShelf.swift */ = {isa = PBXFileReference; lastKnownFileType = sourcecode.swift; path = HomeShelf.swift; sourceTree = "<group>"; };
		B4EE183565BC8CDAC04DDA81 /* Theme.swift */ = {isa = PBXFileReference; lastKnownFileType = sourcecode.swift; path = Theme.swift; sourceTree = "<group>"; };
		C57FFD369DF49FF64FEBBBBE /* RadioHistoryStore.swift */ = {isa = PBXFileReference; lastKnownFileType = sourcecode.swift; path = RadioHistoryStore.swift; sourceTree = "<group>"; };
		CE18A2AA959CAC508C2EDAAE /* OpenRadioAction.swift */ = {isa = PBXFileReference; lastKnownFileType = sourcecode.swift; path = OpenRadioAction.swift; sourceTree = "<group>"; };
		D9DF3D4F42D29E3AFB672771 /* LikedSongsStore.swift */ = {isa = PBXFileReference; lastKnownFileType = sourcecode.swift; path = LikedSongsStore.swift; sourceTree = "<group>"; };
		DF660773C7BC7989E7E05D5B /* RemoteImage.swift */ = {isa = PBXFileReference; lastKnownFileType = sourcecode.swift; path = RemoteImage.swift; sourceTree = "<group>"; };
		E17E32E089B5719C65506BB2 /* MixDetailHeader.swift */ = {isa = PBXFileReference; lastKnownFileType = sourcecode.swift; path = MixDetailHeader.swift; sourceTree = "<group>"; };
/* End PBXFileReference section */

/* Begin PBXGroup section */
		10ED07C66DE30249D8B44003 /* Models */ = {
			isa = PBXGroup;
			children = (
				764FE1B65E9781A3D93FB7F7 /* Playlist.swift */,
				406923FFB280590D32023F78 /* RadioStation.swift */,
				1D2482DD8A638DA753721FED /* Track.swift */,
			);
			path = Models;
			sourceTree = "<group>";
		};
		6493D86A693BE7B013927EA9 /* App */ = {
			isa = PBXGroup;
			children = (
				A50964CDD65DBD8591D6D540 /* VVDemusApp.swift */,
			);
			path = App;
			sourceTree = "<group>";
		};
		65791B4F7A47E2B4BFF1E8FF /* Components */ = {
			isa = PBXGroup;
			children = (
				7FDC0CAE84142D3EEAB5F41D /* ErrorRow.swift */,
				AEE323A81C0D0F79A7A1CCB9 /* HomeShelf.swift */,
				A7C73BE8983E44C1581A2E34 /* JumpBackInCard.swift */,
				A8435F1A3A9C3B73536259A1 /* MiniPlayerBar.swift */,
				E17E32E089B5719C65506BB2 /* MixDetailHeader.swift */,
				2F31636C2C095A73EB1B5E1E /* MixSortOption.swift */,
				DF660773C7BC7989E7E05D5B /* RemoteImage.swift */,
				AA49ED311E399AE0D246BB99 /* ShortcutRow.swift */,
				1F6C4F55682CB1FBC029FEF1 /* TrackCard.swift */,
				37C3AD15A14F7B2833A3EC05 /* TrackRow.swift */,
				7D5509253603EAEB0DA11CA3 /* TrackRowActions.swift */,
			);
			path = Components;
			sourceTree = "<group>";
		};
		7EC2EAF9124EF98FA9FD0056 = {
			isa = PBXGroup;
			children = (
				B263AB807D9FD8C44DE7DDEB /* VVDemus */,
				B92FB7CF4B78F401E7CA7B63 /* Products */,
			);
			sourceTree = "<group>";
		};
		806AC30D2C1221ADE9689FD9 /* Resources */ = {
			isa = PBXGroup;
			children = (
				1AD0523F94E83FD9B4449B3A /* Assets.xcassets */,
			);
			path = Resources;
			sourceTree = "<group>";
		};
		B263AB807D9FD8C44DE7DDEB /* VVDemus */ = {
			isa = PBXGroup;
			children = (
				6493D86A693BE7B013927EA9 /* App */,
				10ED07C66DE30249D8B44003 /* Models */,
				F81800DEE06A04ACDAB2770C /* Networking */,
				F1CDFDD770DBB36020D658B1 /* Persistence */,
				FB4087894BD17D3A95562F19 /* Player */,
				806AC30D2C1221ADE9689FD9 /* Resources */,
				FFAEEAA761D1C69C33080BC9 /* Theme */,
				DAB38D7A745ACC8802AF8248 /* Views */,
			);
			path = VVDemus;
			sourceTree = "<group>";
		};
		B92FB7CF4B78F401E7CA7B63 /* Products */ = {
			isa = PBXGroup;
			children = (
				94B2FABE57C274328FB4DB9C /* VVDemus.app */,
			);
			name = Products;
			sourceTree = "<group>";
		};
		DAB38D7A745ACC8802AF8248 /* Views */ = {
			isa = PBXGroup;
			children = (
				0DC7C4CA7BC0B59E2B5EAD06 /* BackendSettingsView.swift */,
				10E8B217981BE6896AA6091E /* HomeView.swift */,
				52994059AB22AB5A4FD1C32D /* LibraryDestination.swift */,
				3724068A82FD576F953CA5B2 /* LibraryView.swift */,
				464C7EDC38ABAC13D8AFCD53 /* LikedSongsView.swift */,
				9E5DFE4DA1AF52C9AF6172F7 /* NowPlayingView.swift */,
				CE18A2AA959CAC508C2EDAAE /* OpenRadioAction.swift */,
				3749A84767663BE66CC19FE1 /* PlaylistDetailView.swift */,
				531CDB2CD96A3B2898813D74 /* QueueView.swift */,
				44726B5C601B6B527D2AA4A7 /* RadioDetailView.swift */,
				8CA6C800B30627AF0F63270F /* RootView.swift */,
				065D59E498934820BF0FB583 /* SearchView.swift */,
				65791B4F7A47E2B4BFF1E8FF /* Components */,
			);
			path = Views;
			sourceTree = "<group>";
		};
		F1CDFDD770DBB36020D658B1 /* Persistence */ = {
			isa = PBXGroup;
			children = (
				D9DF3D4F42D29E3AFB672771 /* LikedSongsStore.swift */,
				65807ECA760D586605EBE794 /* PlayHistoryStore.swift */,
				23D4D1FB74714A8C3E085B63 /* PlaylistStore.swift */,
				C57FFD369DF49FF64FEBBBBE /* RadioHistoryStore.swift */,
			);
			path = Persistence;
			sourceTree = "<group>";
		};
		F81800DEE06A04ACDAB2770C /* Networking */ = {
			isa = PBXGroup;
			children = (
				1408988D40442F8C2D74EDB9 /* APIClient.swift */,
			);
			path = Networking;
			sourceTree = "<group>";
		};
		FB4087894BD17D3A95562F19 /* Player */ = {
			isa = PBXGroup;
			children = (
				6AE6F7D3EB25DC28C5657F83 /* PlayerService.swift */,
			);
			path = Player;
			sourceTree = "<group>";
		};
		FFAEEAA761D1C69C33080BC9 /* Theme */ = {
			isa = PBXGroup;
			children = (
				69462CBED0F68B02C8DF2CD5 /* ArtworkColorLoader.swift */,
				B4EE183565BC8CDAC04DDA81 /* Theme.swift */,
			);
			path = Theme;
			sourceTree = "<group>";
		};
/* End PBXGroup section */

/* Begin PBXNativeTarget section */
		F70F31859F8EDDE8AE0B8805 /* VVDemus */ = {
			isa = PBXNativeTarget;
			buildConfigurationList = 901D76574CEAC5AAF9458FAF /* Build configuration list for PBXNativeTarget "VVDemus" */;
			buildPhases = (
				EA34044D571F8111CACC745B /* Sources */,
				5C28228E11156C6BE628F540 /* Resources */,
			);
			buildRules = (
			);
			dependencies = (
			);
			name = VVDemus;
			packageProductDependencies = (
			);
			productName = VVDemus;
			productReference = 94B2FABE57C274328FB4DB9C /* VVDemus.app */;
			productType = "com.apple.product-type.application";
		};
/* End PBXNativeTarget section */

/* Begin PBXProject section */
		573B44D821BA42A0ADA3E55F /* Project object */ = {
			isa = PBXProject;
			attributes = {
				BuildIndependentTargetsInParallel = YES;
				LastUpgradeCheck = 1430;
				TargetAttributes = {
				};
			};
			buildConfigurationList = DDC189F0B63A5FA2F289F244 /* Build configuration list for PBXProject "VVDemus" */;
			developmentRegion = en;
			hasScannedForEncodings = 0;
			knownRegions = (
				Base,
				en,
			);
			mainGroup = 7EC2EAF9124EF98FA9FD0056;
			minimizedProjectReferenceProxies = 1;
			preferredProjectObjectVersion = 77;
			productRefGroup = B92FB7CF4B78F401E7CA7B63 /* Products */;
			projectDirPath = "";
			projectRoot = "";
			targets = (
				F70F31859F8EDDE8AE0B8805 /* VVDemus */,
			);
		};
/* End PBXProject section */

/* Begin PBXResourcesBuildPhase section */
		5C28228E11156C6BE628F540 /* Resources */ = {
			isa = PBXResourcesBuildPhase;
			buildActionMask = 2147483647;
			files = (
				6F1BFFB5E708C691E30F1F5C /* Assets.xcassets in Resources */,
			);
			runOnlyForDeploymentPostprocessing = 0;
		};
/* End PBXResourcesBuildPhase section */

/* Begin PBXSourcesBuildPhase section */
		EA34044D571F8111CACC745B /* Sources */ = {
			isa = PBXSourcesBuildPhase;
			buildActionMask = 2147483647;
			files = (
				7DC0BC48FEE5673360991904 /* APIClient.swift in Sources */,
				E4DDFBB8DACEAF0D0AF20591 /* ArtworkColorLoader.swift in Sources */,
				77CCB7552D0C980FB0E84017 /* BackendSettingsView.swift in Sources */,
				1B06EA5730E25007E8227A42 /* ErrorRow.swift in Sources */,
				85A7BA4C32C23CB8423F2D11 /* HomeShelf.swift in Sources */,
				BE5CED11CC492E0D61C5E085 /* HomeView.swift in Sources */,
				5CFDB35D296F50CEAD27AA8C /* JumpBackInCard.swift in Sources */,
				730FA1B64CC74C2CD04F48A7 /* LibraryDestination.swift in Sources */,
				50D63D77339D1E369D41A1A4 /* LibraryView.swift in Sources */,
				62BAB33EABE72D940B4B2788 /* LikedSongsStore.swift in Sources */,
				81BDFFE48C64064A494FBE52 /* LikedSongsView.swift in Sources */,
				5AECAB7DC0B793C3FAE846AF /* MiniPlayerBar.swift in Sources */,
				D206190078985BFE103A9AE4 /* MixDetailHeader.swift in Sources */,
				0F189141B4387ED956FEA49B /* MixSortOption.swift in Sources */,
				7649E5A7DC843C20E85C434E /* NowPlayingView.swift in Sources */,
				24A480C67C04CBB9394B1FC6 /* OpenRadioAction.swift in Sources */,
				1857ADE5956C0D53D8AEFF50 /* PlayHistoryStore.swift in Sources */,
				F777C18D244C605A64878038 /* PlayerService.swift in Sources */,
				ECADF6950ADDC8380A45DBEE /* Playlist.swift in Sources */,
				082596746F77B66284CC0342 /* PlaylistDetailView.swift in Sources */,
				9CD584C637204CD56CBB61DA /* PlaylistStore.swift in Sources */,
				4E2B13AF254A197CD9F17F98 /* QueueView.swift in Sources */,
				8160D31B80DC00A168DADCC5 /* RadioDetailView.swift in Sources */,
				7E2F37BC5E54BFC545248DD9 /* RadioHistoryStore.swift in Sources */,
				71B8088F4904B442FCDB2172 /* RadioStation.swift in Sources */,
				10293C406D101E5F5735303C /* RemoteImage.swift in Sources */,
				8EFAEF5EEE97CAC5D8830528 /* RootView.swift in Sources */,
				93CF21330C3A909B3FD1819E /* SearchView.swift in Sources */,
				1AD640E01EC2F0AE388F625F /* ShortcutRow.swift in Sources */,
				4D0137A3F9FE0048026FEF92 /* Theme.swift in Sources */,
				C2605EED52D38BEA1F7996A1 /* Track.swift in Sources */,
				2AD3E7AF38454586E73D2CC4 /* TrackCard.swift in Sources */,
				E1DD2412792513A059F0D027 /* TrackRow.swift in Sources */,
				16656422E88606F5DC30D4FB /* TrackRowActions.swift in Sources */,
				B4E1B0DE2BA745CA668931CD /* VVDemusApp.swift in Sources */,
			);
			runOnlyForDeploymentPostprocessing = 0;
		};
/* End PBXSourcesBuildPhase section */

/* Begin XCBuildConfiguration section */
		19E163367032D21C5A8ABC48 /* Debug */ = {
			isa = XCBuildConfiguration;
			buildSettings = {
				ALWAYS_SEARCH_USER_PATHS = NO;
				CLANG_ANALYZER_NONNULL = YES;
				CLANG_ANALYZER_NUMBER_OBJECT_CONVERSION = YES_AGGRESSIVE;
				CLANG_CXX_LANGUAGE_STANDARD = "gnu++14";
				CLANG_CXX_LIBRARY = "libc++";
				CLANG_ENABLE_MODULES = YES;
				CLANG_ENABLE_OBJC_ARC = YES;
				CLANG_ENABLE_OBJC_WEAK = YES;
				CLANG_WARN_BLOCK_CAPTURE_AUTORELEASING = YES;
				CLANG_WARN_BOOL_CONVERSION = YES;
				CLANG_WARN_COMMA = YES;
				CLANG_WARN_CONSTANT_CONVERSION = YES;
				CLANG_WARN_DEPRECATED_OBJC_IMPLEMENTATIONS = YES;
				CLANG_WARN_DIRECT_OBJC_ISA_USAGE = YES_ERROR;
				CLANG_WARN_DOCUMENTATION_COMMENTS = YES;
				CLANG_WARN_EMPTY_BODY = YES;
				CLANG_WARN_ENUM_CONVERSION = YES;
				CLANG_WARN_INFINITE_RECURSION = YES;
				CLANG_WARN_INT_CONVERSION = YES;
				CLANG_WARN_NON_LITERAL_NULL_CONVERSION = YES;
				CLANG_WARN_OBJC_IMPLICIT_RETAIN_SELF = YES;
				CLANG_WARN_OBJC_LITERAL_CONVERSION = YES;
				CLANG_WARN_OBJC_ROOT_CLASS = YES_ERROR;
				CLANG_WARN_QUOTED_INCLUDE_IN_FRAMEWORK_HEADER = YES;
				CLANG_WARN_RANGE_LOOP_ANALYSIS = YES;
				CLANG_WARN_STRICT_PROTOTYPES = YES;
				CLANG_WARN_SUSPICIOUS_MOVE = YES;
				CLANG_WARN_UNGUARDED_AVAILABILITY = YES_AGGRESSIVE;
				CLANG_WARN_UNREACHABLE_CODE = YES;
				CLANG_WARN__DUPLICATE_METHOD_MATCH = YES;
				COPY_PHASE_STRIP = NO;
				DEBUG_INFORMATION_FORMAT = dwarf;
				ENABLE_STRICT_OBJC_MSGSEND = YES;
				ENABLE_TESTABILITY = YES;
				GCC_C_LANGUAGE_STANDARD = gnu11;
				GCC_DYNAMIC_NO_PIC = NO;
				GCC_NO_COMMON_BLOCKS = YES;
				GCC_OPTIMIZATION_LEVEL = 0;
				GCC_PREPROCESSOR_DEFINITIONS = (
					"$(inherited)",
					"DEBUG=1",
				);
				GCC_WARN_64_TO_32_BIT_CONVERSION = YES;
				GCC_WARN_ABOUT_RETURN_TYPE = YES_ERROR;
				GCC_WARN_UNDECLARED_SELECTOR = YES;
				GCC_WARN_UNINITIALIZED_AUTOS = YES_AGGRESSIVE;
				GCC_WARN_UNUSED_FUNCTION = YES;
				GCC_WARN_UNUSED_VARIABLE = YES;
				IPHONEOS_DEPLOYMENT_TARGET = 17.0;
				MTL_ENABLE_DEBUG_INFO = INCLUDE_SOURCE;
				MTL_FAST_MATH = YES;
				ONLY_ACTIVE_ARCH = YES;
				PRODUCT_NAME = "$(TARGET_NAME)";
				SDKROOT = iphoneos;
				SWIFT_ACTIVE_COMPILATION_CONDITIONS = DEBUG;
				SWIFT_OPTIMIZATION_LEVEL = "-Onone";
				SWIFT_VERSION = 5.0;
			};
			name = Debug;
		};
		5A1D6F8F320100142B8C48E4 /* Release */ = {
			isa = XCBuildConfiguration;
			buildSettings = {
				ALWAYS_SEARCH_USER_PATHS = NO;
				CLANG_ANALYZER_NONNULL = YES;
				CLANG_ANALYZER_NUMBER_OBJECT_CONVERSION = YES_AGGRESSIVE;
				CLANG_CXX_LANGUAGE_STANDARD = "gnu++14";
				CLANG_CXX_LIBRARY = "libc++";
				CLANG_ENABLE_MODULES = YES;
				CLANG_ENABLE_OBJC_ARC = YES;
				CLANG_ENABLE_OBJC_WEAK = YES;
				CLANG_WARN_BLOCK_CAPTURE_AUTORELEASING = YES;
				CLANG_WARN_BOOL_CONVERSION = YES;
				CLANG_WARN_COMMA = YES;
				CLANG_WARN_CONSTANT_CONVERSION = YES;
				CLANG_WARN_DEPRECATED_OBJC_IMPLEMENTATIONS = YES;
				CLANG_WARN_DIRECT_OBJC_ISA_USAGE = YES_ERROR;
				CLANG_WARN_DOCUMENTATION_COMMENTS = YES;
				CLANG_WARN_EMPTY_BODY = YES;
				CLANG_WARN_ENUM_CONVERSION = YES;
				CLANG_WARN_INFINITE_RECURSION = YES;
				CLANG_WARN_INT_CONVERSION = YES;
				CLANG_WARN_NON_LITERAL_NULL_CONVERSION = YES;
				CLANG_WARN_OBJC_IMPLICIT_RETAIN_SELF = YES;
				CLANG_WARN_OBJC_LITERAL_CONVERSION = YES;
				CLANG_WARN_OBJC_ROOT_CLASS = YES_ERROR;
				CLANG_WARN_QUOTED_INCLUDE_IN_FRAMEWORK_HEADER = YES;
				CLANG_WARN_RANGE_LOOP_ANALYSIS = YES;
				CLANG_WARN_STRICT_PROTOTYPES = YES;
				CLANG_WARN_SUSPICIOUS_MOVE = YES;
				CLANG_WARN_UNGUARDED_AVAILABILITY = YES_AGGRESSIVE;
				CLANG_WARN_UNREACHABLE_CODE = YES;
				CLANG_WARN__DUPLICATE_METHOD_MATCH = YES;
				COPY_PHASE_STRIP = NO;
				DEBUG_INFORMATION_FORMAT = "dwarf-with-dsym";
				ENABLE_NS_ASSERTIONS = NO;
				ENABLE_STRICT_OBJC_MSGSEND = YES;
				GCC_C_LANGUAGE_STANDARD = gnu11;
				GCC_NO_COMMON_BLOCKS = YES;
				GCC_WARN_64_TO_32_BIT_CONVERSION = YES;
				GCC_WARN_ABOUT_RETURN_TYPE = YES_ERROR;
				GCC_WARN_UNDECLARED_SELECTOR = YES;
				GCC_WARN_UNINITIALIZED_AUTOS = YES_AGGRESSIVE;
				GCC_WARN_UNUSED_FUNCTION = YES;
				GCC_WARN_UNUSED_VARIABLE = YES;
				IPHONEOS_DEPLOYMENT_TARGET = 17.0;
				MTL_ENABLE_DEBUG_INFO = NO;
				MTL_FAST_MATH = YES;
				PRODUCT_NAME = "$(TARGET_NAME)";
				SDKROOT = iphoneos;
				SWIFT_COMPILATION_MODE = wholemodule;
				SWIFT_OPTIMIZATION_LEVEL = "-O";
				SWIFT_VERSION = 5.0;
			};
			name = Release;
		};
		9953FBBF838CAF758D02F076 /* Release */ = {
			isa = XCBuildConfiguration;
			buildSettings = {
				ASSETCATALOG_COMPILER_APPICON_NAME = AppIcon;
				ASSETCATALOG_COMPILER_GLOBAL_ACCENT_COLOR_NAME = AccentColor;
				CODE_SIGN_IDENTITY = "iPhone Developer";
				CURRENT_PROJECT_VERSION = 1;
				DEVELOPMENT_ASSET_PATHS = "";
				ENABLE_PREVIEWS = YES;
				INFOPLIST_FILE = Generated/Info.plist;
				IPHONEOS_DEPLOYMENT_TARGET = 17.0;
				LD_RUNPATH_SEARCH_PATHS = (
					"$(inherited)",
					"@executable_path/Frameworks",
				);
				MARKETING_VERSION = 1.0;
				PRODUCT_BUNDLE_IDENTIFIER = com.vvdemus.app;
				SDKROOT = iphoneos;
				SWIFT_VERSION = 5.0;
				TARGETED_DEVICE_FAMILY = 1;
			};
			name = Release;
		};
		CDD8C8E168DD8C3B2978B9B1 /* Debug */ = {
			isa = XCBuildConfiguration;
			buildSettings = {
				ASSETCATALOG_COMPILER_APPICON_NAME = AppIcon;
				ASSETCATALOG_COMPILER_GLOBAL_ACCENT_COLOR_NAME = AccentColor;
				CODE_SIGN_IDENTITY = "iPhone Developer";
				CURRENT_PROJECT_VERSION = 1;
				DEVELOPMENT_ASSET_PATHS = "";
				ENABLE_PREVIEWS = YES;
				INFOPLIST_FILE = Generated/Info.plist;
				IPHONEOS_DEPLOYMENT_TARGET = 17.0;
				LD_RUNPATH_SEARCH_PATHS = (
					"$(inherited)",
					"@executable_path/Frameworks",
				);
				MARKETING_VERSION = 1.0;
				PRODUCT_BUNDLE_IDENTIFIER = com.vvdemus.app;
				SDKROOT = iphoneos;
				SWIFT_VERSION = 5.0;
				TARGETED_DEVICE_FAMILY = 1;
			};
			name = Debug;
		};
/* End XCBuildConfiguration section */

/* Begin XCConfigurationList section */
		901D76574CEAC5AAF9458FAF /* Build configuration list for PBXNativeTarget "VVDemus" */ = {
			isa = XCConfigurationList;
			buildConfigurations = (
				CDD8C8E168DD8C3B2978B9B1 /* Debug */,
				9953FBBF838CAF758D02F076 /* Release */,
			);
			defaultConfigurationIsVisible = 0;
			defaultConfigurationName = Debug;
		};
		DDC189F0B63A5FA2F289F244 /* Build configuration list for PBXProject "VVDemus" */ = {
			isa = XCConfigurationList;
			buildConfigurations = (
				19E163367032D21C5A8ABC48 /* Debug */,
				5A1D6F8F320100142B8C48E4 /* Release */,
			);
			defaultConfigurationIsVisible = 0;
			defaultConfigurationName = Debug;
		};
/* End XCConfigurationList section */
	};
	rootObject = 573B44D821BA42A0ADA3E55F /* Project object */;
}
